
Microsoft Visual Studio Solution File, Format Version 12.00
# Visual Studio Version 17
VisualStudioVersion = 17.4.33213.308
MinimumVisualStudioVersion = 10.0.40219.1
Project("{FAE04EC0-301F-11D3-BF4B-00C04F79EFBC}") = "RzutyMoneta", "RzutyMoneta.csproj", "{949019CC-50F3-4AFD-9967-67F0D4AEAD38}"
EndProject
Global
	GlobalSection(SolutionConfigurationPlatforms) = preSolution
		Debug|Any CPU = Debug|Any CPU
		Release|Any CPU = Release|Any CPU
	EndGlobalSection
	GlobalSection(ProjectConfigurationPlatforms) = postSolution
		{949019CC-50F3-4AFD-9967-67F0D4AEAD38}.Debug|Any CPU.ActiveCfg = Debug|Any CPU
		{949019CC-50F3-4AFD-9967-67F0D4AEAD38}.Debug|Any CPU.Build.0 = Debug|Any CPU
		{949019CC-50F3-4AFD-9967-67F0D4AEAD38}.Release|Any CPU.ActiveCfg = Release|Any CPU
		{949019CC-50F3-4AFD-9967-67F0D4AEAD38}.Release|Any CPU.Build.0 = Release|Any CPU
	EndGlobalSection
	GlobalSection(SolutionProperties) = preSolution
		HideSolutionNode = FALSE
	EndGlobalSection
	GlobalSection(ExtensibilityGlobals) = postSolution
		SolutionGuid = {0A953D6E-0912-4BCC-8830-028D0722EFA1}
	EndGlobalSection
EndGlobal
